
Microsoft Visual Studio Solution File, Format Version 12.00
# Visual Studio Version 17
VisualStudioVersion = 17.11.35208.52
MinimumVisualStudioVersion = 10.0.40219.1
Project("{9A19103F-16F7-4668-BE54-9A1E7A4F7556}") = "SQLProgramming", "SQLProgramming.csproj", "{C9061EFD-2FC2-43D3-9477-9951007C298A}"
EndProject
Project("{FAE04EC0-301F-11D3-BF4B-00C04F79EFBC}") = "DBICach2", "..\DBICach2\DBICach2.csproj", "{9FB92057-9BD1-47EB-A7F2-EA7BE59CF3F2}"
EndProject
Global
	GlobalSection(SolutionConfigurationPlatforms) = preSolution
		Debug|Any CPU = Debug|Any CPU
		Release|Any CPU = Release|Any CPU
	EndGlobalSection
	GlobalSection(ProjectConfigurationPlatforms) = postSolution
		{C9061EFD-2FC2-43D3-9477-9951007C298A}.Debug|Any CPU.ActiveCfg = Debug|Any CPU
		{C9061EFD-2FC2-43D3-9477-9951007C298A}.Debug|Any CPU.Build.0 = Debug|Any CPU
		{C9061EFD-2FC2-43D3-9477-9951007C298A}.Release|Any CPU.ActiveCfg = Release|Any CPU
		{C9061EFD-2FC2-43D3-9477-9951007C298A}.Release|Any CPU.Build.0 = Release|Any CPU
		{9FB92057-9BD1-47EB-A7F2-EA7BE59CF3F2}.Debug|Any CPU.ActiveCfg = Debug|Any CPU
		{9FB92057-9BD1-47EB-A7F2-EA7BE59CF3F2}.Debug|Any CPU.Build.0 = Debug|Any CPU
		{9FB92057-9BD1-47EB-A7F2-EA7BE59CF3F2}.Release|Any CPU.ActiveCfg = Release|Any CPU
		{9FB92057-9BD1-47EB-A7F2-EA7BE59CF3F2}.Release|Any CPU.Build.0 = Release|Any CPU
	EndGlobalSection
	GlobalSection(SolutionProperties) = preSolution
		HideSolutionNode = FALSE
	EndGlobalSection
	GlobalSection(ExtensibilityGlobals) = postSolution
		SolutionGuid = {B5B81A6A-6B6E-40B1-A5D7-6BE548156604}
	EndGlobalSection
EndGlobal
